// !$*UTF8*$!
{
	archiveVersion = 1;
	classes = {
	};
	objectVersion = 46;
	objects = {

/* Begin PBXBuildFile section */
		F984CC0A1A60B57000791027 /* AppDelegate.swift in Sources */ = {isa = PBXBuildFile; fileRef = F984CC091A60B57000791027 /* AppDelegate.swift */; };
		F984CC0C1A60B57000791027 /* ViewController.swift in Sources */ = {isa = PBXBuildFile; fileRef = F984CC0B1A60B57000791027 /* ViewController.swift */; };
		F984CC0F1A60B57000791027 /* Main.storyboard in Resources */ = {isa = PBXBuildFile; fileRef = F984CC0D1A60B57000791027 /* Main.storyboard */; };
		F984CC111A60B57000791027 /* Images.xcassets in Resources */ = {isa = PBXBuildFile; fileRef = F984CC101A60B57000791027 /* Images.xcassets */; };
		F984CC141A60B57000791027 /* LaunchScreen.xib in Resources */ = {isa = PBXBuildFile; fileRef = F984CC121A60B57000791027 /* LaunchScreen.xib */; };
		F984CC201A60B57000791027 /* HackUCSC2015Tests.swift in Sources */ = {isa = PBXBuildFile; fileRef = F984CC1F1A60B57000791027 /* HackUCSC2015Tests.swift */; };
/* End PBXBuildFile section */

/* Begin PBXContainerItemProxy section */
		F984CC1A1A60B57000791027 /* PBXContainerItemProxy */ = {
			isa = PBXContainerItemProxy;
			containerPortal = F984CBFC1A60B57000791027 /* Project object */;
			proxyType = 1;
			remoteGlobalIDString = F984CC031A60B57000791027;
			remoteInfo = HackUCSC2015;
		};
/* End PBXContainerItemProxy section */

/* Begin PBXFileReference section */
		F984CC041A60B57000791027 /* HackUCSC2015.app */ = {isa = PBXFileReference; explicitFileType = wrapper.application; includeInIndex = 0; path = HackUCSC2015.app; sourceTree = BUILT_PRODUCTS_DIR; };
		F984CC081A60B57000791027 /* Info.plist */ = {isa = PBXFileReference; lastKnownFileType = text.plist.xml; path = Info.plist; sourceTree = "<group>"; };
		F984CC091A60B57000791027 /* AppDelegate.swift */ = {isa = PBXFileReference; lastKnownFileType = sourcecode.swift; path = AppDelegate.swift; sourceTree = "<group>"; };
		F984CC0B1A60B57000791027 /* ViewController.swift */ = {isa = PBXFileReference; lastKnownFileType = sourcecode.swift; path = ViewController.swift; sourceTree = "<group>"; };
		F984CC0E1A60B57000791027 /* Base */ = {isa = PBXFileReference; lastKnownFileType = file.storyboard; name = Base; path = Base.lproj/Main.storyboard; sourceTree = "<group>"; };
		F984CC101A60B57000791027 /* Images.xcassets */ = {isa = PBXFileReference; lastKnownFileType = folder.assetcatalog; path = Images.xcassets; sourceTree = "<group>"; };
		F984CC131A60B57000791027 /* Base */ = {isa = PBXFileReference; lastKnownFileType = file.xib; name = Base; path = Base.lproj/LaunchScreen.xib; sourceTree = "<group>"; };
		F984CC191A60B57000791027 /* HackUCSC2015Tests.xctest */ = {isa = PBXFileReference; explicitFileType = wrapper.cfbundle; includeInIndex = 0; path = HackUCSC2015Tests.xctest; sourceTree = BUILT_PRODUCTS_DIR; };
		F984CC1E1A60B57000791027 /* Info.plist */ = {isa = PBXFileReference; lastKnownFileType = text.plist.xml; path = Info.plist; sourceTree = "<group>"; };
		F984CC1F1A60B57000791027 /* HackUCSC2015Tests.swift */ = {isa = PBXFileReference; lastKnownFileType = sourcecode.swift; path = HackUCSC2015Tests.swift; sourceTree = "<group>"; };
/* End PBXFileReference section */

/* Begin PBXFrameworksBuildPhase section */
		F984CC011A60B57000791027 /* Frameworks */ = {
			isa = PBXFrameworksBuildPhase;
			buildActionMask = 2147483647;
			files = (
			);
			runOnlyForDeploymentPostprocessing = 0;
		};
		F984CC161A60B57000791027 /* Frameworks */ = {
			isa = PBXFrameworksBuildPhase;
			buildActionMask = 2147483647;
			files = (
			);
			runOnlyForDeploymentPostprocessing = 0;
		};
/* End PBXFrameworksBuildPhase section */

/* Begin PBXGroup section */
		F984CBFB1A60B57000791027 = {
			isa = PBXGroup;
			children = (
				F984CC061A60B57000791027 /* HackUCSC2015 */,
				F984CC1C1A60B57000791027 /* HackUCSC2015Tests */,
				F984CC051A60B57000791027 /* Products */,
			);
			sourceTree = "<group>";
		};
		F984CC051A60B57000791027 /* Products */ = {
			isa = PBXGroup;
			children = (
				F984CC041A60B57000791027 /* HackUCSC2015.app */,
				F984CC191A60B57000791027 /* HackUCSC2015Tests.xctest */,
			);
			name = Products;
			sourceTree = "<group>";
		};
		F984CC061A60B57000791027 /* HackUCSC2015 */ = {
			isa = PBXGroup;
			children = (
				F984CC091A60B57000791027 /* AppDelegate.swift */,
				F984CC0B1A60B57000791027 /* ViewController.swift */,
				F984CC0D1A60B57000791027 /* Main.storyboard */,
				F984CC101A60B57000791027 /* Images.xcassets */,
				F984CC121A60B57000791027 /* LaunchScreen.xib */,
				F984CC071A60B57000791027 /* Supporting Files */,
			);
			path = HackUCSC2015;
			sourceTree = "<group>";
		};
		F984CC071A60B57000791027 /* Supporting Files */ = {
			isa = PBXGroup;
			children = (
				F984CC081A60B57000791027 /* Info.plist */,
			);
			name = "Supporting Files";
			sourceTree = "<group>";
		};
		F984CC1C1A60B57000791027 /* HackUCSC2015Tests */ = {
			isa = PBXGroup;
			children = (
				F984CC1F1A60B57000791027 /* HackUCSC2015Tests.swift */,
				F984CC1D1A60B57000791027 /* Supporting Files */,
			);
			path = HackUCSC2015Tests;
			sourceTree = "<group>";
		};
		F984CC1D1A60B57000791027 /* Supporting Files */ = {
			isa = PBXGroup;
			children = (
				F984CC1E1A60B57000791027 /* Info.plist */,
			);
			name = "Supporting Files";
			sourceTree = "<group>";
		};
/* End PBXGroup section */

/* Begin PBXNativeTarget section */
		F984CC031A60B57000791027 /* HackUCSC2015 */ = {
			isa = PBXNativeTarget;
			buildConfigurationList = F984CC231A60B57000791027 /* Build configuration list for PBXNativeTarget "HackUCSC2015" */;
			buildPhases = (
				F984CC001A60B57000791027 /* Sources */,
				F984CC011A60B57000791027 /* Frameworks */,
				F984CC021A60B57000791027 /* Resources */,
			);
			buildRules = (
			);
			dependencies = (
			);
			name = HackUCSC2015;
			productName = HackUCSC2015;
			productReference = F984CC041A60B57000791027 /* HackUCSC2015.app */;
			productType = "com.apple.product-type.application";
		};
		F984CC181A60B57000791027 /* HackUCSC2015Tests */ = {
			isa = PBXNativeTarget;
			buildConfigurationList = F984CC261A60B57000791027 /* Build configuration list for PBXNativeTarget "HackUCSC2015Tests" */;
			buildPhases = (
				F984CC151A60B57000791027 /* Sources */,
				F984CC161A60B57000791027 /* Frameworks */,
				F984CC171A60B57000791027 /* Resources */,
			);
			buildRules = (
			);
			dependencies = (
				F984CC1B1A60B57000791027 /* PBXTargetDependency */,
			);
			name = HackUCSC2015Tests;
			productName = HackUCSC2015Tests;
			productReference = F984CC191A60B57000791027 /* HackUCSC2015Tests.xctest */;
			productType = "com.apple.product-type.bundle.unit-test";
		};
/* End PBXNativeTarget section */

/* Begin PBXProject section */
		F984CBFC1A60B57000791027 /* Project object */ = {
			isa = PBXProject;
			attributes = {
				LastUpgradeCheck = 0610;
				ORGANIZATIONNAME = HackUCSC2015Team;
				TargetAttributes = {
					F984CC031A60B57000791027 = {
						CreatedOnToolsVersion = 6.1.1;
					};
					F984CC181A60B57000791027 = {
						CreatedOnToolsVersion = 6.1.1;
						TestTargetID = F984CC031A60B57000791027;
					};
				};
			};
			buildConfigurationList = F984CBFF1A60B57000791027 /* Build configuration list for PBXProject "HackUCSC2015" */;
			compatibilityVersion = "Xcode 3.2";
			developmentRegion = English;
			hasScannedForEncodings = 0;
			knownRegions = (
				en,
				Base,
			);
			mainGroup = F984CBFB1A60B57000791027;
			productRefGroup = F984CC051A60B57000791027 /* Products */;
			projectDirPath = "";
			projectRoot = "";
			targets = (
				F984CC031A60B57000791027 /* HackUCSC2015 */,
				F984CC181A60B57000791027 /* HackUCSC2015Tests */,
			);
		};
/* End PBXProject section */

/* Begin PBXResourcesBuildPhase section */
		F984CC021A60B57000791027 /* Resources */ = {
			isa = PBXResourcesBuildPhase;
			buildActionMask = 2147483647;
			files = (
				F984CC0F1A60B57000791027 /* Main.storyboard in Resources */,
				F984CC141A60B57000791027 /* LaunchScreen.xib in Resources */,
				F984CC111A60B57000791027 /* Images.xcassets in Resources */,
			);
			runOnlyForDeploymentPostprocessing = 0;
		};
		F984CC171A60B57000791027 /* Resources */ = {
			isa = PBXResourcesBuildPhase;
			buildActionMask = 2147483647;
			files = (
			);
			runOnlyForDeploymentPostprocessing = 0;
		};
/* End PBXResourcesBuildPhase section */

/* Begin PBXSourcesBuildPhase section */
		F984CC001A60B57000791027 /* Sources */ = {
			isa = PBXSourcesBuildPhase;
			buildActionMask = 2147483647;
			files = (
				F984CC0C1A60B57000791027 /* ViewController.swift in Sources */,
				F984CC0A1A60B57000791027 /* AppDelegate.swift in Sources */,
			);
			runOnlyForDeploymentPostprocessing = 0;
		};
		F984CC151A60B57000791027 /* Sources */ = {
			isa = PBXSourcesBuildPhase;
			buildActionMask = 2147483647;
			files = (
				F984CC201A60B57000791027 /* HackUCSC2015Tests.swift in Sources */,
			);
			runOnlyForDeploymentPostprocessing = 0;
		};
/* End PBXSourcesBuildPhase section */

/* Begin PBXTargetDependency section */
		F984CC1B1A60B57000791027 /* PBXTargetDependency */ = {
			isa = PBXTargetDependency;
			target = F984CC031A60B57000791027 /* HackUCSC2015 */;
			targetProxy = F984CC1A1A60B57000791027 /* PBXContainerItemProxy */;
		};
/* End PBXTargetDependency section */

/* Begin PBXVariantGroup section */
		F984CC0D1A60B57000791027 /* Main.storyboard */ = {
			isa = PBXVariantGroup;
			children = (
				F984CC0E1A60B57000791027 /* Base */,
			);
			name = Main.storyboard;
			sourceTree = "<group>";
		};
		F984CC121A60B57000791027 /* LaunchScreen.xib */ = {
			isa = PBXVariantGroup;
			children = (
				F984CC131A60B57000791027 /* Base */,
			);
			name = LaunchScreen.xib;
			sourceTree = "<group>";
		};
/* End PBXVariantGroup section */

/* Begin XCBuildConfiguration section */
		F984CC211A60B57000791027 /* Debug */ = {
			isa = XCBuildConfiguration;
			buildSettings = {
				ALWAYS_SEARCH_USER_PATHS = NO;
				CLANG_CXX_LANGUAGE_STANDARD = "gnu++0x";
				CLANG_CXX_LIBRARY = "libc++";
				CLANG_ENABLE_MODULES = YES;
				CLANG_ENABLE_OBJC_ARC = YES;
				CLANG_WARN_BOOL_CONVERSION = YES;
				CLANG_WARN_CONSTANT_CONVERSION = YES;
				CLANG_WARN_DIRECT_OBJC_ISA_USAGE = YES_ERROR;
				CLANG_WARN_EMPTY_BODY = YES;
				CLANG_WARN_ENUM_CONVERSION = YES;
				CLANG_WARN_INT_CONVERSION = YES;
				CLANG_WARN_OBJC_ROOT_CLASS = YES_ERROR;
				CLANG_WARN_UNREACHABLE_CODE = YES;
				CLANG_WARN__DUPLICATE_METHOD_MATCH = YES;
				"CODE_SIGN_IDENTITY[sdk=iphoneos*]" = "iPhone Developer";
				COPY_PHASE_STRIP = NO;
				ENABLE_STRICT_OBJC_MSGSEND = YES;
				GCC_C_LANGUAGE_STANDARD = gnu99;
				GCC_DYNAMIC_NO_PIC = NO;
				GCC_OPTIMIZATION_LEVEL = 0;
				GCC_PREPROCESSOR_DEFINITIONS = (
					"DEBUG=1",
					"$(inherited)",
				);
				GCC_SYMBOLS_PRIVATE_EXTERN = NO;
				GCC_WARN_64_TO_32_BIT_CONVERSION = YES;
				GCC_WARN_ABOUT_RETURN_TYPE = YES_ERROR;
				GCC_WARN_UNDECLARED_SELECTOR = YES;
				GCC_WARN_UNINITIALIZED_AUTOS = YES_AGGRESSIVE;
				GCC_WARN_UNUSED_FUNCTION = YES;
				GCC_WARN_UNUSED_VARIABLE = YES;
				IPHONEOS_DEPLOYMENT_TARGET = 8.1;
				MTL_ENABLE_DEBUG_INFO = YES;
				ONLY_ACTIVE_ARCH = YES;
				SDKROOT = iphoneos;
				SWIFT_OPTIMIZATION_LEVEL = "-Onone";
				TARGETED_DEVICE_FAMILY = 2;
			};
			name = Debug;
		};
		F984CC221A60B57000791027 /* Release */ = {
			isa = XCBuildConfiguration;
			buildSettings = {
				ALWAYS_SEARCH_USER_PATHS = NO;
				CLANG_CXX_LANGUAGE_STANDARD = "gnu++0x";
				CLANG_CXX_LIBRARY = "libc++";
				CLANG_ENABLE_MODULES = YES;
				CLANG_ENABLE_OBJC_ARC = YES;
				CLANG_WARN_BOOL_CONVERSION = YES;
				CLANG_WARN_CONSTANT_CONVERSION = YES;
				CLANG_WARN_DIRECT_OBJC_ISA_USAGE = YES_ERROR;
				CLANG_WARN_EMPTY_BODY = YES;
				CLANG_WARN_ENUM_CONVERSION = YES;
				CLANG_WARN_INT_CONVERSION = YES;
				CLANG_WARN_OBJC_ROOT_CLASS = YES_ERROR;
				CLANG_WARN_UNREACHABLE_CODE = YES;
				CLANG_WARN__DUPLICATE_METHOD_MATCH = YES;
				"CODE_SIGN_IDENTITY[sdk=iphoneos*]" = "iPhone Developer";
				COPY_PHASE_STRIP = YES;
				ENABLE_NS_ASSERTIONS = NO;
				ENABLE_STRICT_OBJC_MSGSEND = YES;
				GCC_C_LANGUAGE_STANDARD = gnu99;
				GCC_WARN_64_TO_32_BIT_CONVERSION = YES;
				GCC_WARN_ABOUT_RETURN_TYPE = YES_ERROR;
				GCC_WARN_UNDECLARED_SELECTOR = YES;
				GCC_WARN_UNINITIALIZED_AUTOS = YES_AGGRESSIVE;
				GCC_WARN_UNUSED_FUNCTION = YES;
				GCC_WARN_UNUSED_VARIABLE = YES;
				IPHONEOS_DEPLOYMENT_TARGET = 8.1;
				MTL_ENABLE_DEBUG_INFO = NO;
				SDKROOT = iphoneos;
				TARGETED_DEVICE_FAMILY = 2;
				VALIDATE_PRODUCT = YES;
			};
			name = Release;
		};
		F984CC241A60B57000791027 /* Debug */ = {
			isa = XCBuildConfiguration;
			buildSettings = {
				ASSETCATALOG_COMPILER_APPICON_NAME = AppIcon;
				INFOPLIST_FILE = HackUCSC2015/Info.plist;
				LD_RUNPATH_SEARCH_PATHS = "$(inherited) @executable_path/Frameworks";
				PRODUCT_NAME = "$(TARGET_NAME)";
			};
			name = Debug;
		};
		F984CC251A60B57000791027 /* Release */ = {
			isa = XCBuildConfiguration;
			buildSettings = {
				ASSETCATALOG_COMPILER_APPICON_NAME = AppIcon;
				INFOPLIST_FILE = HackUCSC2015/Info.plist;
				LD_RUNPATH_SEARCH_PATHS = "$(inherited) @executable_path/Frameworks";
				PRODUCT_NAME = "$(TARGET_NAME)";
			};
			name = Release;
		};
		F984CC271A60B57000791027 /* Debug */ = {
			isa = XCBuildConfiguration;
			buildSettings = {
				BUNDLE_LOADER = "$(TEST_HOST)";
				FRAMEWORK_SEARCH_PATHS = (
					"$(SDKROOT)/Developer/Library/Frameworks",
					"$(inherited)",
				);
				GCC_PREPROCESSOR_DEFINITIONS = (
					"DEBUG=1",
					"$(inherited)",
				);
				INFOPLIST_FILE = HackUCSC2015Tests/Info.plist;
				LD_RUNPATH_SEARCH_PATHS = "$(inherited) @executable_path/Frameworks @loader_path/Frameworks";
				PRODUCT_NAME = "$(TARGET_NAME)";
				TEST_HOST = "$(BUILT_PRODUCTS_DIR)/HackUCSC2015.app/HackUCSC2015";
			};
			name = Debug;
		};
		F984CC281A60B57000791027 /* Release */ = {
			isa = XCBuildConfiguration;
			buildSettings = {
				BUNDLE_LOADER = "$(TEST_HOST)";
				FRAMEWORK_SEARCH_PATHS = (
					"$(SDKROOT)/Developer/Library/Frameworks",
					"$(inherited)",
				);
				INFOPLIST_FILE = HackUCSC2015Tests/Info.plist;
				LD_RUNPATH_SEARCH_PATHS = "$(inherited) @executable_path/Frameworks @loader_path/Frameworks";
				PRODUCT_NAME = "$(TARGET_NAME)";
				TEST_HOST = "$(BUILT_PRODUCTS_DIR)/HackUCSC2015.app/HackUCSC2015";
			};
			name = Release;
		};
/* End XCBuildConfiguration section */

/* Begin XCConfigurationList section */
		F984CBFF1A60B57000791027 /* Build configuration list for PBXProject "HackUCSC2015" */ = {
			isa = XCConfigurationList;
			buildConfigurations = (
				F984CC211A60B57000791027 /* Debug */,
				F984CC221A60B57000791027 /* Release */,
			);
			defaultConfigurationIsVisible = 0;
			defaultConfigurationName = Release;
		};
		F984CC231A60B57000791027 /* Build configuration list for PBXNativeTarget "HackUCSC2015" */ = {
			isa = XCConfigurationList;
			buildConfigurations = (
				F984CC241A60B57000791027 /* Debug */,
				F984CC251A60B57000791027 /* Release */,
			);
			defaultConfigurationIsVisible = 0;
		};
		F984CC261A60B57000791027 /* Build configuration list for PBXNativeTarget "HackUCSC2015Tests" */ = {
			isa = XCConfigurationList;
			buildConfigurations = (
				F984CC271A60B57000791027 /* Debug */,
				F984CC281A60B57000791027 /* Release */,
			);
			defaultConfigurationIsVisible = 0;
		};
/* End XCConfigurationList section */
	};
	rootObject = F984CBFC1A60B57000791027 /* Project object */;
}
